
Microsoft Visual Studio Solution File, Format Version 12.00
# Visual Studio Version 17
VisualStudioVersion = 17.11.35222.181
MinimumVisualStudioVersion = 10.0.40219.1
Project("{FAE04EC0-301F-11D3-BF4B-00C04F79EFBC}") = "WPFTest4Hours", "WPFTest4Hours\WPFTest4Hours.csproj", "{67862E3A-0354-4154-A293-48BB86C6A978}"
EndProject
Global
	GlobalSection(SolutionConfigurationPlatforms) = preSolution
		Debug|Any CPU = Debug|Any CPU
		Release|Any CPU = Release|Any CPU
	EndGlobalSection
	GlobalSection(ProjectConfigurationPlatforms) = postSolution
		{67862E3A-0354-4154-A293-48BB86C6A978}.Debug|Any CPU.ActiveCfg = Debug|Any CPU
		{67862E3A-0354-4154-A293-48BB86C6A978}.Debug|Any CPU.Build.0 = Debug|Any CPU
		{67862E3A-0354-4154-A293-48BB86C6A978}.Release|Any CPU.ActiveCfg = Release|Any CPU
		{67862E3A-0354-4154-A293-48BB86C6A978}.Release|Any CPU.Build.0 = Release|Any CPU
	EndGlobalSection
	GlobalSection(SolutionProperties) = preSolution
		HideSolutionNode = FALSE
	EndGlobalSection
	GlobalSection(ExtensibilityGlobals) = postSolution
		SolutionGuid = {C61763F6-3FA6-4872-B506-53B4912FD896}
	EndGlobalSection
EndGlobal
